
Microsoft Visual Studio Solution File, Format Version 12.00
# Visual Studio Version 17
VisualStudioVersion = 17.14.36603.0 d17.14
MinimumVisualStudioVersion = 10.0.40219.1
Project("{D2ABAB84-BF74-430A-B69E-9DC6D40DDA17}") = "SSAS_KURSOVA", "SSAS_KURSOVA\SSAS_KURSOVA.dwproj", "{F4D25536-1E8D-AD5E-F9C2-1737E8C9DC6A}"
EndProject
Global
	GlobalSection(SolutionConfigurationPlatforms) = preSolution
		Development|Default = Development|Default
	EndGlobalSection
	GlobalSection(ProjectConfigurationPlatforms) = postSolution
		{F4D25536-1E8D-AD5E-F9C2-1737E8C9DC6A}.Development|Default.ActiveCfg = Development
		{F4D25536-1E8D-AD5E-F9C2-1737E8C9DC6A}.Development|Default.Build.0 = Development
		{F4D25536-1E8D-AD5E-F9C2-1737E8C9DC6A}.Development|Default.Deploy.0 = Development
	EndGlobalSection
	GlobalSection(SolutionProperties) = preSolution
		HideSolutionNode = FALSE
	EndGlobalSection
	GlobalSection(ExtensibilityGlobals) = postSolution
		SolutionGuid = {82DFAAF6-66AF-4863-AE13-241392E6BD28}
	EndGlobalSection
EndGlobal
